
Microsoft Visual Studio Solution File, Format Version 12.00
# Visual Studio Version 17
Project("{8BC9CEB8-8B4A-11D0-8D11-00A0C91BC942}") = "ALL_BUILD", "ALL_BUILD.vcxproj", "{47A0420D-9DFA-30BB-88AD-CA0666C0F17E}"
	ProjectSection(ProjectDependencies) = postProject
		{106FC540-38B8-3470-A504-86CA75B16D2A} = {106FC540-38B8-3470-A504-86CA75B16D2A}
		{DC2DFBFA-CCCB-3AE2-B3A1-8FF3C4CC680B} = {DC2DFBFA-CCCB-3AE2-B3A1-8FF3C4CC680B}
		{E9766810-5411-3A33-8502-C4DC1E760BBA} = {E9766810-5411-3A33-8502-C4DC1E760BBA}
		{709C73B0-BFD1-3C7A-A56F-3F0DF03F83AA} = {709C73B0-BFD1-3C7A-A56F-3F0DF03F83AA}
		{59D6E9B8-185D-35BA-BB12-CD68A323E009} = {59D6E9B8-185D-35BA-BB12-CD68A323E009}
		{CE981679-A9F6-345C-8D1B-CCBC5606C33D} = {CE981679-A9F6-345C-8D1B-CCBC5606C33D}
		{5DF91869-ECC5-38B4-B0B0-5461A665E898} = {5DF91869-ECC5-38B4-B0B0-5461A665E898}
		{0DD13AD0-9CF6-3E8A-974C-AE868CF81917} = {0DD13AD0-9CF6-3E8A-974C-AE868CF81917}
		{487D7B3E-F26A-3EBD-8C99-C628F2A1A3F3} = {487D7B3E-F26A-3EBD-8C99-C628F2A1A3F3}
		{E8824CDA-8FC6-3150-9BBE-ECED6DB60C32} = {E8824CDA-8FC6-3150-9BBE-ECED6DB60C32}
		{C577B596-DD16-349B-80CE-EBDB544F2888} = {C577B596-DD16-349B-80CE-EBDB544F2888}
		{D1D799F6-7ACA-3E57-85F7-C6A7DC86C04B} = {D1D799F6-7ACA-3E57-85F7-C6A7DC86C04B}
		{EECAE9F2-44A8-354C-97EF-518C46DA3629} = {EECAE9F2-44A8-354C-97EF-518C46DA3629}
		{09AC6B01-B0C4-3B0D-9A18-CD037272437F} = {09AC6B01-B0C4-3B0D-9A18-CD037272437F}
		{7DD51288-AE72-3426-B4F3-0930DFA042F0} = {7DD51288-AE72-3426-B4F3-0930DFA042F0}
		{42C7C78B-43C3-37CC-9DF7-139F172BF3AE} = {42C7C78B-43C3-37CC-9DF7-139F172BF3AE}
		{F86D081E-399B-3B64-963F-2F164BF21547} = {F86D081E-399B-3B64-963F-2F164BF21547}
		{5B37100F-2F48-3B2A-85A1-8E4E4B962B76} = {5B37100F-2F48-3B2A-85A1-8E4E4B962B76}
		{B87F0051-2CCA-353C-BCBA-090947033E71} = {B87F0051-2CCA-353C-BCBA-090947033E71}
		{443A143F-6026-3BAF-BCD9-CA7E4EFCE1BE} = {443A143F-6026-3BAF-BCD9-CA7E4EFCE1BE}
		{4F90FC17-1C96-3932-A856-753ED6C963EA} = {4F90FC17-1C96-3932-A856-753ED6C963EA}
		{8447C3F0-4B58-35AB-81CE-1DE4594E09EF} = {8447C3F0-4B58-35AB-81CE-1DE4594E09EF}
		{F626EFF3-9A10-37AE-937C-C570B9AEF3EC} = {F626EFF3-9A10-37AE-937C-C570B9AEF3EC}
		{FB93BE45-279C-3A62-A9C9-74E70EE80EE8} = {FB93BE45-279C-3A62-A9C9-74E70EE80EE8}
		{F1AFC311-4982-3253-9318-C0B92E2161A1} = {F1AFC311-4982-3253-9318-C0B92E2161A1}
		{564827C5-0048-3FD0-8F51-FB60E76DD30E} = {564827C5-0048-3FD0-8F51-FB60E76DD30E}
		{BA4CEFA1-4E57-3C10-A22B-0095543F1DF0} = {BA4CEFA1-4E57-3C10-A22B-0095543F1DF0}
		{170FB115-EE81-3B25-B7EC-230BD8CBDDE3} = {170FB115-EE81-3B25-B7EC-230BD8CBDDE3}
		{FBA3BB94-2A30-3C90-BDEB-A8B5FEFF29D3} = {FBA3BB94-2A30-3C90-BDEB-A8B5FEFF29D3}
	EndProjectSection
EndProject
Project("{8BC9CEB8-8B4A-11D0-8D11-00A0C91BC942}") = "ArpSpoofing", "Examples\ArpSpoofing\ArpSpoofing.vcxproj", "{106FC540-38B8-3470-A504-86CA75B16D2A}"
	ProjectSection(ProjectDependencies) = postProject
		{59D6E9B8-185D-35BA-BB12-CD68A323E009} = {59D6E9B8-185D-35BA-BB12-CD68A323E009}
		{EECAE9F2-44A8-354C-97EF-518C46DA3629} = {EECAE9F2-44A8-354C-97EF-518C46DA3629}
		{7DD51288-AE72-3426-B4F3-0930DFA042F0} = {7DD51288-AE72-3426-B4F3-0930DFA042F0}
		{FB93BE45-279C-3A62-A9C9-74E70EE80EE8} = {FB93BE45-279C-3A62-A9C9-74E70EE80EE8}
	EndProjectSection
EndProject
Project("{8BC9CEB8-8B4A-11D0-8D11-00A0C91BC942}") = "Arping", "Examples\Arping\Arping.vcxproj", "{DC2DFBFA-CCCB-3AE2-B3A1-8FF3C4CC680B}"
	ProjectSection(ProjectDependencies) = postProject
		{59D6E9B8-185D-35BA-BB12-CD68A323E009} = {59D6E9B8-185D-35BA-BB12-CD68A323E009}
		{EECAE9F2-44A8-354C-97EF-518C46DA3629} = {EECAE9F2-44A8-354C-97EF-518C46DA3629}
		{7DD51288-AE72-3426-B4F3-0930DFA042F0} = {7DD51288-AE72-3426-B4F3-0930DFA042F0}
		{FB93BE45-279C-3A62-A9C9-74E70EE80EE8} = {FB93BE45-279C-3A62-A9C9-74E70EE80EE8}
	EndProjectSection
EndProject
Project("{8BC9CEB8-8B4A-11D0-8D11-00A0C91BC942}") = "BenchmarkExample", "Examples\PcapPlusPlus-benchmark\BenchmarkExample.vcxproj", "{E9766810-5411-3A33-8502-C4DC1E760BBA}"
	ProjectSection(ProjectDependencies) = postProject
		{59D6E9B8-185D-35BA-BB12-CD68A323E009} = {59D6E9B8-185D-35BA-BB12-CD68A323E009}
		{EECAE9F2-44A8-354C-97EF-518C46DA3629} = {EECAE9F2-44A8-354C-97EF-518C46DA3629}
		{7DD51288-AE72-3426-B4F3-0930DFA042F0} = {7DD51288-AE72-3426-B4F3-0930DFA042F0}
		{FB93BE45-279C-3A62-A9C9-74E70EE80EE8} = {FB93BE45-279C-3A62-A9C9-74E70EE80EE8}
	EndProjectSection
EndProject
Project("{8BC9CEB8-8B4A-11D0-8D11-00A0C91BC942}") = "BenchmarkExampleGoogle", "Examples\PcapPlusPlus-benchmark\BenchmarkExampleGoogle.vcxproj", "{709C73B0-BFD1-3C7A-A56F-3F0DF03F83AA}"
	ProjectSection(ProjectDependencies) = postProject
		{59D6E9B8-185D-35BA-BB12-CD68A323E009} = {59D6E9B8-185D-35BA-BB12-CD68A323E009}
		{EECAE9F2-44A8-354C-97EF-518C46DA3629} = {EECAE9F2-44A8-354C-97EF-518C46DA3629}
		{7DD51288-AE72-3426-B4F3-0930DFA042F0} = {7DD51288-AE72-3426-B4F3-0930DFA042F0}
		{FB93BE45-279C-3A62-A9C9-74E70EE80EE8} = {FB93BE45-279C-3A62-A9C9-74E70EE80EE8}
		{F1AFC311-4982-3253-9318-C0B92E2161A1} = {F1AFC311-4982-3253-9318-C0B92E2161A1}
	EndProjectSection
EndProject
Project("{8BC9CEB8-8B4A-11D0-8D11-00A0C91BC942}") = "Common++", "Common++\Common++.vcxproj", "{59D6E9B8-185D-35BA-BB12-CD68A323E009}"
	ProjectSection(ProjectDependencies) = postProject
		{FB93BE45-279C-3A62-A9C9-74E70EE80EE8} = {FB93BE45-279C-3A62-A9C9-74E70EE80EE8}
	EndProjectSection
EndProject
Project("{8BC9CEB8-8B4A-11D0-8D11-00A0C91BC942}") = "Continuous", "Continuous.vcxproj", "{5C2AEFC3-38FB-32F9-BA46-8A71CDD25699}"
	ProjectSection(ProjectDependencies) = postProject
		{FB93BE45-279C-3A62-A9C9-74E70EE80EE8} = {FB93BE45-279C-3A62-A9C9-74E70EE80EE8}
	EndProjectSection
EndProject
Project("{8BC9CEB8-8B4A-11D0-8D11-00A0C91BC942}") = "DNSResolver", "Examples\DNSResolver\DNSResolver.vcxproj", "{CE981679-A9F6-345C-8D1B-CCBC5606C33D}"
	ProjectSection(ProjectDependencies) = postProject
		{59D6E9B8-185D-35BA-BB12-CD68A323E009} = {59D6E9B8-185D-35BA-BB12-CD68A323E009}
		{EECAE9F2-44A8-354C-97EF-518C46DA3629} = {EECAE9F2-44A8-354C-97EF-518C46DA3629}
		{7DD51288-AE72-3426-B4F3-0930DFA042F0} = {7DD51288-AE72-3426-B4F3-0930DFA042F0}
		{FB93BE45-279C-3A62-A9C9-74E70EE80EE8} = {FB93BE45-279C-3A62-A9C9-74E70EE80EE8}
	EndProjectSection
EndProject
Project("{8BC9CEB8-8B4A-11D0-8D11-00A0C91BC942}") = "DnsSpoofing", "Examples\DnsSpoofing\DnsSpoofing.vcxproj", "{5DF91869-ECC5-38B4-B0B0-5461A665E898}"
	ProjectSection(ProjectDependencies) = postProject
		{59D6E9B8-185D-35BA-BB12-CD68A323E009} = {59D6E9B8-185D-35BA-BB12-CD68A323E009}
		{EECAE9F2-44A8-354C-97EF-518C46DA3629} = {EECAE9F2-44A8-354C-97EF-518C46DA3629}
		{7DD51288-AE72-3426-B4F3-0930DFA042F0} = {7DD51288-AE72-3426-B4F3-0930DFA042F0}
		{FB93BE45-279C-3A62-A9C9-74E70EE80EE8} = {FB93BE45-279C-3A62-A9C9-74E70EE80EE8}
	EndProjectSection
EndProject
Project("{8BC9CEB8-8B4A-11D0-8D11-00A0C91BC942}") = "Experimental", "Experimental.vcxproj", "{56D55F4D-5DE2-3F01-9421-33DB0CE1B06C}"
	ProjectSection(ProjectDependencies) = postProject
		{FB93BE45-279C-3A62-A9C9-74E70EE80EE8} = {FB93BE45-279C-3A62-A9C9-74E70EE80EE8}
	EndProjectSection
EndProject
Project("{8BC9CEB8-8B4A-11D0-8D11-00A0C91BC942}") = "HttpAnalyzer", "Examples\HttpAnalyzer\HttpAnalyzer.vcxproj", "{0DD13AD0-9CF6-3E8A-974C-AE868CF81917}"
	ProjectSection(ProjectDependencies) = postProject
		{59D6E9B8-185D-35BA-BB12-CD68A323E009} = {59D6E9B8-185D-35BA-BB12-CD68A323E009}
		{EECAE9F2-44A8-354C-97EF-518C46DA3629} = {EECAE9F2-44A8-354C-97EF-518C46DA3629}
		{7DD51288-AE72-3426-B4F3-0930DFA042F0} = {7DD51288-AE72-3426-B4F3-0930DFA042F0}
		{FB93BE45-279C-3A62-A9C9-74E70EE80EE8} = {FB93BE45-279C-3A62-A9C9-74E70EE80EE8}
	EndProjectSection
EndProject
Project("{8BC9CEB8-8B4A-11D0-8D11-00A0C91BC942}") = "INSTALL", "INSTALL.vcxproj", "{912E3875-0E05-3B33-AD44-5A1297AC6B8A}"
	ProjectSection(ProjectDependencies) = postProject
		{47A0420D-9DFA-30BB-88AD-CA0666C0F17E} = {47A0420D-9DFA-30BB-88AD-CA0666C0F17E}
		{FB93BE45-279C-3A62-A9C9-74E70EE80EE8} = {FB93BE45-279C-3A62-A9C9-74E70EE80EE8}
	EndProjectSection
EndProject
Project("{8BC9CEB8-8B4A-11D0-8D11-00A0C91BC942}") = "IPDefragUtil", "Examples\IPDefragUtil\IPDefragUtil.vcxproj", "{487D7B3E-F26A-3EBD-8C99-C628F2A1A3F3}"
	ProjectSection(ProjectDependencies) = postProject
		{59D6E9B8-185D-35BA-BB12-CD68A323E009} = {59D6E9B8-185D-35BA-BB12-CD68A323E009}
		{EECAE9F2-44A8-354C-97EF-518C46DA3629} = {EECAE9F2-44A8-354C-97EF-518C46DA3629}
		{7DD51288-AE72-3426-B4F3-0930DFA042F0} = {7DD51288-AE72-3426-B4F3-0930DFA042F0}
		{FB93BE45-279C-3A62-A9C9-74E70EE80EE8} = {FB93BE45-279C-3A62-A9C9-74E70EE80EE8}
	EndProjectSection
EndProject
Project("{8BC9CEB8-8B4A-11D0-8D11-00A0C91BC942}") = "IPFragUtil", "Examples\IPFragUtil\IPFragUtil.vcxproj", "{E8824CDA-8FC6-3150-9BBE-ECED6DB60C32}"
	ProjectSection(ProjectDependencies) = postProject
		{59D6E9B8-185D-35BA-BB12-CD68A323E009} = {59D6E9B8-185D-35BA-BB12-CD68A323E009}
		{EECAE9F2-44A8-354C-97EF-518C46DA3629} = {EECAE9F2-44A8-354C-97EF-518C46DA3629}
		{7DD51288-AE72-3426-B4F3-0930DFA042F0} = {7DD51288-AE72-3426-B4F3-0930DFA042F0}
		{FB93BE45-279C-3A62-A9C9-74E70EE80EE8} = {FB93BE45-279C-3A62-A9C9-74E70EE80EE8}
	EndProjectSection
EndProject
Project("{8BC9CEB8-8B4A-11D0-8D11-00A0C91BC942}") = "IcmpFileTransfer-catcher", "Examples\IcmpFileTransfer\IcmpFileTransfer-catcher.vcxproj", "{C577B596-DD16-349B-80CE-EBDB544F2888}"
	ProjectSection(ProjectDependencies) = postProject
		{59D6E9B8-185D-35BA-BB12-CD68A323E009} = {59D6E9B8-185D-35BA-BB12-CD68A323E009}
		{EECAE9F2-44A8-354C-97EF-518C46DA3629} = {EECAE9F2-44A8-354C-97EF-518C46DA3629}
		{7DD51288-AE72-3426-B4F3-0930DFA042F0} = {7DD51288-AE72-3426-B4F3-0930DFA042F0}
		{FB93BE45-279C-3A62-A9C9-74E70EE80EE8} = {FB93BE45-279C-3A62-A9C9-74E70EE80EE8}
	EndProjectSection
EndProject
Project("{8BC9CEB8-8B4A-11D0-8D11-00A0C91BC942}") = "IcmpFileTransfer-pitcher", "Examples\IcmpFileTransfer\IcmpFileTransfer-pitcher.vcxproj", "{D1D799F6-7ACA-3E57-85F7-C6A7DC86C04B}"
	ProjectSection(ProjectDependencies) = postProject
		{59D6E9B8-185D-35BA-BB12-CD68A323E009} = {59D6E9B8-185D-35BA-BB12-CD68A323E009}
		{EECAE9F2-44A8-354C-97EF-518C46DA3629} = {EECAE9F2-44A8-354C-97EF-518C46DA3629}
		{7DD51288-AE72-3426-B4F3-0930DFA042F0} = {7DD51288-AE72-3426-B4F3-0930DFA042F0}
		{FB93BE45-279C-3A62-A9C9-74E70EE80EE8} = {FB93BE45-279C-3A62-A9C9-74E70EE80EE8}
	EndProjectSection
EndProject
Project("{8BC9CEB8-8B4A-11D0-8D11-00A0C91BC942}") = "Nightly", "Nightly.vcxproj", "{1574EDA2-15D0-38AA-9A1F-CBE573145503}"
	ProjectSection(ProjectDependencies) = postProject
		{FB93BE45-279C-3A62-A9C9-74E70EE80EE8} = {FB93BE45-279C-3A62-A9C9-74E70EE80EE8}
	EndProjectSection
EndProject
Project("{8BC9CEB8-8B4A-11D0-8D11-00A0C91BC942}") = "NightlyMemoryCheck", "NightlyMemoryCheck.vcxproj", "{7D448F65-EC14-30DA-8787-A53657DFDC2E}"
	ProjectSection(ProjectDependencies) = postProject
		{FB93BE45-279C-3A62-A9C9-74E70EE80EE8} = {FB93BE45-279C-3A62-A9C9-74E70EE80EE8}
	EndProjectSection
EndProject
Project("{8BC9CEB8-8B4A-11D0-8D11-00A0C91BC942}") = "Packet++", "Packet++\Packet++.vcxproj", "{EECAE9F2-44A8-354C-97EF-518C46DA3629}"
	ProjectSection(ProjectDependencies) = postProject
		{59D6E9B8-185D-35BA-BB12-CD68A323E009} = {59D6E9B8-185D-35BA-BB12-CD68A323E009}
		{FB93BE45-279C-3A62-A9C9-74E70EE80EE8} = {FB93BE45-279C-3A62-A9C9-74E70EE80EE8}
		{BA4CEFA1-4E57-3C10-A22B-0095543F1DF0} = {BA4CEFA1-4E57-3C10-A22B-0095543F1DF0}
	EndProjectSection
EndProject
Project("{8BC9CEB8-8B4A-11D0-8D11-00A0C91BC942}") = "Packet++Test", "Tests\Packet++Test\Packet++Test.vcxproj", "{09AC6B01-B0C4-3B0D-9A18-CD037272437F}"
	ProjectSection(ProjectDependencies) = postProject
		{59D6E9B8-185D-35BA-BB12-CD68A323E009} = {59D6E9B8-185D-35BA-BB12-CD68A323E009}
		{EECAE9F2-44A8-354C-97EF-518C46DA3629} = {EECAE9F2-44A8-354C-97EF-518C46DA3629}
		{6AFA31C6-1AEB-30C7-8436-4362CC1C4025} = {6AFA31C6-1AEB-30C7-8436-4362CC1C4025}
		{FB93BE45-279C-3A62-A9C9-74E70EE80EE8} = {FB93BE45-279C-3A62-A9C9-74E70EE80EE8}
		{FBA3BB94-2A30-3C90-BDEB-A8B5FEFF29D3} = {FBA3BB94-2A30-3C90-BDEB-A8B5FEFF29D3}
	EndProjectSection
EndProject
Project("{8BC9CEB8-8B4A-11D0-8D11-00A0C91BC942}") = "Pcap++", "Pcap++\Pcap++.vcxproj", "{7DD51288-AE72-3426-B4F3-0930DFA042F0}"
	ProjectSection(ProjectDependencies) = postProject
		{59D6E9B8-185D-35BA-BB12-CD68A323E009} = {59D6E9B8-185D-35BA-BB12-CD68A323E009}
		{EECAE9F2-44A8-354C-97EF-518C46DA3629} = {EECAE9F2-44A8-354C-97EF-518C46DA3629}
		{FB93BE45-279C-3A62-A9C9-74E70EE80EE8} = {FB93BE45-279C-3A62-A9C9-74E70EE80EE8}
		{170FB115-EE81-3B25-B7EC-230BD8CBDDE3} = {170FB115-EE81-3B25-B7EC-230BD8CBDDE3}
	EndProjectSection
EndProject
Project("{8BC9CEB8-8B4A-11D0-8D11-00A0C91BC942}") = "Pcap++Test", "Tests\Pcap++Test\Pcap++Test.vcxproj", "{42C7C78B-43C3-37CC-9DF7-139F172BF3AE}"
	ProjectSection(ProjectDependencies) = postProject
		{59D6E9B8-185D-35BA-BB12-CD68A323E009} = {59D6E9B8-185D-35BA-BB12-CD68A323E009}
		{EECAE9F2-44A8-354C-97EF-518C46DA3629} = {EECAE9F2-44A8-354C-97EF-518C46DA3629}
		{7DD51288-AE72-3426-B4F3-0930DFA042F0} = {7DD51288-AE72-3426-B4F3-0930DFA042F0}
		{FB93BE45-279C-3A62-A9C9-74E70EE80EE8} = {FB93BE45-279C-3A62-A9C9-74E70EE80EE8}
		{FBA3BB94-2A30-3C90-BDEB-A8B5FEFF29D3} = {FBA3BB94-2A30-3C90-BDEB-A8B5FEFF29D3}
	EndProjectSection
EndProject
Project("{8BC9CEB8-8B4A-11D0-8D11-00A0C91BC942}") = "PcapPrinter", "Examples\PcapPrinter\PcapPrinter.vcxproj", "{F86D081E-399B-3B64-963F-2F164BF21547}"
	ProjectSection(ProjectDependencies) = postProject
		{59D6E9B8-185D-35BA-BB12-CD68A323E009} = {59D6E9B8-185D-35BA-BB12-CD68A323E009}
		{EECAE9F2-44A8-354C-97EF-518C46DA3629} = {EECAE9F2-44A8-354C-97EF-518C46DA3629}
		{7DD51288-AE72-3426-B4F3-0930DFA042F0} = {7DD51288-AE72-3426-B4F3-0930DFA042F0}
		{FB93BE45-279C-3A62-A9C9-74E70EE80EE8} = {FB93BE45-279C-3A62-A9C9-74E70EE80EE8}
	EndProjectSection
EndProject
Project("{8BC9CEB8-8B4A-11D0-8D11-00A0C91BC942}") = "PcapSearch", "Examples\PcapSearch\PcapSearch.vcxproj", "{5B37100F-2F48-3B2A-85A1-8E4E4B962B76}"
	ProjectSection(ProjectDependencies) = postProject
		{59D6E9B8-185D-35BA-BB12-CD68A323E009} = {59D6E9B8-185D-35BA-BB12-CD68A323E009}
		{EECAE9F2-44A8-354C-97EF-518C46DA3629} = {EECAE9F2-44A8-354C-97EF-518C46DA3629}
		{7DD51288-AE72-3426-B4F3-0930DFA042F0} = {7DD51288-AE72-3426-B4F3-0930DFA042F0}
		{FB93BE45-279C-3A62-A9C9-74E70EE80EE8} = {FB93BE45-279C-3A62-A9C9-74E70EE80EE8}
	EndProjectSection
EndProject
Project("{8BC9CEB8-8B4A-11D0-8D11-00A0C91BC942}") = "PcapSplitter", "Examples\PcapSplitter\PcapSplitter.vcxproj", "{B87F0051-2CCA-353C-BCBA-090947033E71}"
	ProjectSection(ProjectDependencies) = postProject
		{59D6E9B8-185D-35BA-BB12-CD68A323E009} = {59D6E9B8-185D-35BA-BB12-CD68A323E009}
		{EECAE9F2-44A8-354C-97EF-518C46DA3629} = {EECAE9F2-44A8-354C-97EF-518C46DA3629}
		{7DD51288-AE72-3426-B4F3-0930DFA042F0} = {7DD51288-AE72-3426-B4F3-0930DFA042F0}
		{FB93BE45-279C-3A62-A9C9-74E70EE80EE8} = {FB93BE45-279C-3A62-A9C9-74E70EE80EE8}
	EndProjectSection
EndProject
Project("{8BC9CEB8-8B4A-11D0-8D11-00A0C91BC942}") = "PcppTestUtilities", "Tests\PcppTestUtilities\PcppTestUtilities.vcxproj", "{6AFA31C6-1AEB-30C7-8436-4362CC1C4025}"
	ProjectSection(ProjectDependencies) = postProject
		{59D6E9B8-185D-35BA-BB12-CD68A323E009} = {59D6E9B8-185D-35BA-BB12-CD68A323E009}
		{EECAE9F2-44A8-354C-97EF-518C46DA3629} = {EECAE9F2-44A8-354C-97EF-518C46DA3629}
		{FB93BE45-279C-3A62-A9C9-74E70EE80EE8} = {FB93BE45-279C-3A62-A9C9-74E70EE80EE8}
	EndProjectSection
EndProject
Project("{8BC9CEB8-8B4A-11D0-8D11-00A0C91BC942}") = "RUN_TESTS", "RUN_TESTS.vcxproj", "{2B7B5CC7-12B0-361D-94EB-D7ADBCF43C47}"
	ProjectSection(ProjectDependencies) = postProject
		{FB93BE45-279C-3A62-A9C9-74E70EE80EE8} = {FB93BE45-279C-3A62-A9C9-74E70EE80EE8}
	EndProjectSection
EndProject
Project("{8BC9CEB8-8B4A-11D0-8D11-00A0C91BC942}") = "SSLAnalyzer", "Examples\SSLAnalyzer\SSLAnalyzer.vcxproj", "{443A143F-6026-3BAF-BCD9-CA7E4EFCE1BE}"
	ProjectSection(ProjectDependencies) = postProject
		{59D6E9B8-185D-35BA-BB12-CD68A323E009} = {59D6E9B8-185D-35BA-BB12-CD68A323E009}
		{EECAE9F2-44A8-354C-97EF-518C46DA3629} = {EECAE9F2-44A8-354C-97EF-518C46DA3629}
		{7DD51288-AE72-3426-B4F3-0930DFA042F0} = {7DD51288-AE72-3426-B4F3-0930DFA042F0}
		{FB93BE45-279C-3A62-A9C9-74E70EE80EE8} = {FB93BE45-279C-3A62-A9C9-74E70EE80EE8}
	EndProjectSection
EndProject
Project("{8BC9CEB8-8B4A-11D0-8D11-00A0C91BC942}") = "TLSFingerprinting", "Examples\TLSFingerprinting\TLSFingerprinting.vcxproj", "{4F90FC17-1C96-3932-A856-753ED6C963EA}"
	ProjectSection(ProjectDependencies) = postProject
		{59D6E9B8-185D-35BA-BB12-CD68A323E009} = {59D6E9B8-185D-35BA-BB12-CD68A323E009}
		{EECAE9F2-44A8-354C-97EF-518C46DA3629} = {EECAE9F2-44A8-354C-97EF-518C46DA3629}
		{7DD51288-AE72-3426-B4F3-0930DFA042F0} = {7DD51288-AE72-3426-B4F3-0930DFA042F0}
		{FB93BE45-279C-3A62-A9C9-74E70EE80EE8} = {FB93BE45-279C-3A62-A9C9-74E70EE80EE8}
	EndProjectSection
EndProject
Project("{8BC9CEB8-8B4A-11D0-8D11-00A0C91BC942}") = "TcpReassembly", "Examples\TcpReassembly\TcpReassembly.vcxproj", "{8447C3F0-4B58-35AB-81CE-1DE4594E09EF}"
	ProjectSection(ProjectDependencies) = postProject
		{59D6E9B8-185D-35BA-BB12-CD68A323E009} = {59D6E9B8-185D-35BA-BB12-CD68A323E009}
		{EECAE9F2-44A8-354C-97EF-518C46DA3629} = {EECAE9F2-44A8-354C-97EF-518C46DA3629}
		{7DD51288-AE72-3426-B4F3-0930DFA042F0} = {7DD51288-AE72-3426-B4F3-0930DFA042F0}
		{FB93BE45-279C-3A62-A9C9-74E70EE80EE8} = {FB93BE45-279C-3A62-A9C9-74E70EE80EE8}
	EndProjectSection
EndProject
Project("{8BC9CEB8-8B4A-11D0-8D11-00A0C91BC942}") = "X509Toolkit", "Examples\X509Toolkit\X509Toolkit.vcxproj", "{F626EFF3-9A10-37AE-937C-C570B9AEF3EC}"
	ProjectSection(ProjectDependencies) = postProject
		{59D6E9B8-185D-35BA-BB12-CD68A323E009} = {59D6E9B8-185D-35BA-BB12-CD68A323E009}
		{EECAE9F2-44A8-354C-97EF-518C46DA3629} = {EECAE9F2-44A8-354C-97EF-518C46DA3629}
		{7DD51288-AE72-3426-B4F3-0930DFA042F0} = {7DD51288-AE72-3426-B4F3-0930DFA042F0}
		{FB93BE45-279C-3A62-A9C9-74E70EE80EE8} = {FB93BE45-279C-3A62-A9C9-74E70EE80EE8}
	EndProjectSection
EndProject
Project("{8BC9CEB8-8B4A-11D0-8D11-00A0C91BC942}") = "ZERO_CHECK", "ZERO_CHECK.vcxproj", "{FB93BE45-279C-3A62-A9C9-74E70EE80EE8}"
	ProjectSection(ProjectDependencies) = postProject
	EndProjectSection
EndProject
Project("{8BC9CEB8-8B4A-11D0-8D11-00A0C91BC942}") = "benchmark", "_deps\benchmark-build\src\benchmark.vcxproj", "{F1AFC311-4982-3253-9318-C0B92E2161A1}"
	ProjectSection(ProjectDependencies) = postProject
		{FB93BE45-279C-3A62-A9C9-74E70EE80EE8} = {FB93BE45-279C-3A62-A9C9-74E70EE80EE8}
	EndProjectSection
EndProject
Project("{8BC9CEB8-8B4A-11D0-8D11-00A0C91BC942}") = "benchmark_main", "_deps\benchmark-build\src\benchmark_main.vcxproj", "{564827C5-0048-3FD0-8F51-FB60E76DD30E}"
	ProjectSection(ProjectDependencies) = postProject
		{FB93BE45-279C-3A62-A9C9-74E70EE80EE8} = {FB93BE45-279C-3A62-A9C9-74E70EE80EE8}
		{F1AFC311-4982-3253-9318-C0B92E2161A1} = {F1AFC311-4982-3253-9318-C0B92E2161A1}
	EndProjectSection
EndProject
Project("{8BC9CEB8-8B4A-11D0-8D11-00A0C91BC942}") = "hash-library", "3rdParty\hash-library\hash-library.vcxproj", "{BA4CEFA1-4E57-3C10-A22B-0095543F1DF0}"
	ProjectSection(ProjectDependencies) = postProject
		{FB93BE45-279C-3A62-A9C9-74E70EE80EE8} = {FB93BE45-279C-3A62-A9C9-74E70EE80EE8}
	EndProjectSection
EndProject
Project("{8BC9CEB8-8B4A-11D0-8D11-00A0C91BC942}") = "light_pcapng", "3rdParty\LightPcapNg\light_pcapng.vcxproj", "{170FB115-EE81-3B25-B7EC-230BD8CBDDE3}"
	ProjectSection(ProjectDependencies) = postProject
		{FB93BE45-279C-3A62-A9C9-74E70EE80EE8} = {FB93BE45-279C-3A62-A9C9-74E70EE80EE8}
	EndProjectSection
EndProject
Project("{8BC9CEB8-8B4A-11D0-8D11-00A0C91BC942}") = "memplumber", "3rdParty\MemPlumber\MemPlumber\memplumber.vcxproj", "{FBA3BB94-2A30-3C90-BDEB-A8B5FEFF29D3}"
	ProjectSection(ProjectDependencies) = postProject
		{FB93BE45-279C-3A62-A9C9-74E70EE80EE8} = {FB93BE45-279C-3A62-A9C9-74E70EE80EE8}
	EndProjectSection
EndProject
Project("{8BC9CEB8-8B4A-11D0-8D11-00A0C91BC942}") = "uninstall", "uninstall.vcxproj", "{4A374C63-644F-3E5E-852B-10401BBECA2E}"
	ProjectSection(ProjectDependencies) = postProject
		{FB93BE45-279C-3A62-A9C9-74E70EE80EE8} = {FB93BE45-279C-3A62-A9C9-74E70EE80EE8}
	EndProjectSection
EndProject
Global
	GlobalSection(SolutionConfigurationPlatforms) = preSolution
		Debug|x64 = Debug|x64
		Release|x64 = Release|x64
		MinSizeRel|x64 = MinSizeRel|x64
		RelWithDebInfo|x64 = RelWithDebInfo|x64
	EndGlobalSection
	GlobalSection(ProjectConfigurationPlatforms) = postSolution
		{47A0420D-9DFA-30BB-88AD-CA0666C0F17E}.Debug|x64.ActiveCfg = Debug|x64
		{47A0420D-9DFA-30BB-88AD-CA0666C0F17E}.Debug|x64.Build.0 = Debug|x64
		{47A0420D-9DFA-30BB-88AD-CA0666C0F17E}.Release|x64.ActiveCfg = Release|x64
		{47A0420D-9DFA-30BB-88AD-CA0666C0F17E}.Release|x64.Build.0 = Release|x64
		{47A0420D-9DFA-30BB-88AD-CA0666C0F17E}.MinSizeRel|x64.ActiveCfg = MinSizeRel|x64
		{47A0420D-9DFA-30BB-88AD-CA0666C0F17E}.MinSizeRel|x64.Build.0 = MinSizeRel|x64
		{47A0420D-9DFA-30BB-88AD-CA0666C0F17E}.RelWithDebInfo|x64.ActiveCfg = RelWithDebInfo|x64
		{47A0420D-9DFA-30BB-88AD-CA0666C0F17E}.RelWithDebInfo|x64.Build.0 = RelWithDebInfo|x64
		{106FC540-38B8-3470-A504-86CA75B16D2A}.Debug|x64.ActiveCfg = Debug|x64
		{106FC540-38B8-3470-A504-86CA75B16D2A}.Debug|x64.Build.0 = Debug|x64
		{106FC540-38B8-3470-A504-86CA75B16D2A}.Release|x64.ActiveCfg = Release|x64
		{106FC540-38B8-3470-A504-86CA75B16D2A}.Release|x64.Build.0 = Release|x64
		{106FC540-38B8-3470-A504-86CA75B16D2A}.MinSizeRel|x64.ActiveCfg = MinSizeRel|x64
		{106FC540-38B8-3470-A504-86CA75B16D2A}.MinSizeRel|x64.Build.0 = MinSizeRel|x64
		{106FC540-38B8-3470-A504-86CA75B16D2A}.RelWithDebInfo|x64.ActiveCfg = RelWithDebInfo|x64
		{106FC540-38B8-3470-A504-86CA75B16D2A}.RelWithDebInfo|x64.Build.0 = RelWithDebInfo|x64
		{DC2DFBFA-CCCB-3AE2-B3A1-8FF3C4CC680B}.Debug|x64.ActiveCfg = Debug|x64
		{DC2DFBFA-CCCB-3AE2-B3A1-8FF3C4CC680B}.Debug|x64.Build.0 = Debug|x64
		{DC2DFBFA-CCCB-3AE2-B3A1-8FF3C4CC680B}.Release|x64.ActiveCfg = Release|x64
		{DC2DFBFA-CCCB-3AE2-B3A1-8FF3C4CC680B}.Release|x64.Build.0 = Release|x64
		{DC2DFBFA-CCCB-3AE2-B3A1-8FF3C4CC680B}.MinSizeRel|x64.ActiveCfg = MinSizeRel|x64
		{DC2DFBFA-CCCB-3AE2-B3A1-8FF3C4CC680B}.MinSizeRel|x64.Build.0 = MinSizeRel|x64
		{DC2DFBFA-CCCB-3AE2-B3A1-8FF3C4CC680B}.RelWithDebInfo|x64.ActiveCfg = RelWithDebInfo|x64
		{DC2DFBFA-CCCB-3AE2-B3A1-8FF3C4CC680B}.RelWithDebInfo|x64.Build.0 = RelWithDebInfo|x64
		{E9766810-5411-3A33-8502-C4DC1E760BBA}.Debug|x64.ActiveCfg = Debug|x64
		{E9766810-5411-3A33-8502-C4DC1E760BBA}.Debug|x64.Build.0 = Debug|x64
		{E9766810-5411-3A33-8502-C4DC1E760BBA}.Release|x64.ActiveCfg = Release|x64
		{E9766810-5411-3A33-8502-C4DC1E760BBA}.Release|x64.Build.0 = Release|x64
		{E9766810-5411-3A33-8502-C4DC1E760BBA}.MinSizeRel|x64.ActiveCfg = MinSizeRel|x64
		{E9766810-5411-3A33-8502-C4DC1E760BBA}.MinSizeRel|x64.Build.0 = MinSizeRel|x64
		{E9766810-5411-3A33-8502-C4DC1E760BBA}.RelWithDebInfo|x64.ActiveCfg = RelWithDebInfo|x64
		{E9766810-5411-3A33-8502-C4DC1E760BBA}.RelWithDebInfo|x64.Build.0 = RelWithDebInfo|x64
		{709C73B0-BFD1-3C7A-A56F-3F0DF03F83AA}.Debug|x64.ActiveCfg = Debug|x64
		{709C73B0-BFD1-3C7A-A56F-3F0DF03F83AA}.Debug|x64.Build.0 = Debug|x64
		{709C73B0-BFD1-3C7A-A56F-3F0DF03F83AA}.Release|x64.ActiveCfg = Release|x64
		{709C73B0-BFD1-3C7A-A56F-3F0DF03F83AA}.Release|x64.Build.0 = Release|x64
		{709C73B0-BFD1-3C7A-A56F-3F0DF03F83AA}.MinSizeRel|x64.ActiveCfg = MinSizeRel|x64
		{709C73B0-BFD1-3C7A-A56F-3F0DF03F83AA}.MinSizeRel|x64.Build.0 = MinSizeRel|x64
		{709C73B0-BFD1-3C7A-A56F-3F0DF03F83AA}.RelWithDebInfo|x64.ActiveCfg = RelWithDebInfo|x64
		{709C73B0-BFD1-3C7A-A56F-3F0DF03F83AA}.RelWithDebInfo|x64.Build.0 = RelWithDebInfo|x64
		{59D6E9B8-185D-35BA-BB12-CD68A323E009}.Debug|x64.ActiveCfg = Debug|x64
		{59D6E9B8-185D-35BA-BB12-CD68A323E009}.Debug|x64.Build.0 = Debug|x64
		{59D6E9B8-185D-35BA-BB12-CD68A323E009}.Release|x64.ActiveCfg = Release|x64
		{59D6E9B8-185D-35BA-BB12-CD68A323E009}.Release|x64.Build.0 = Release|x64
		{59D6E9B8-185D-35BA-BB12-CD68A323E009}.MinSizeRel|x64.ActiveCfg = MinSizeRel|x64
		{59D6E9B8-185D-35BA-BB12-CD68A323E009}.MinSizeRel|x64.Build.0 = MinSizeRel|x64
		{59D6E9B8-185D-35BA-BB12-CD68A323E009}.RelWithDebInfo|x64.ActiveCfg = RelWithDebInfo|x64
		{59D6E9B8-185D-35BA-BB12-CD68A323E009}.RelWithDebInfo|x64.Build.0 = RelWithDebInfo|x64
		{5C2AEFC3-38FB-32F9-BA46-8A71CDD25699}.Debug|x64.ActiveCfg = Debug|x64
		{5C2AEFC3-38FB-32F9-BA46-8A71CDD25699}.Release|x64.ActiveCfg = Release|x64
		{5C2AEFC3-38FB-32F9-BA46-8A71CDD25699}.MinSizeRel|x64.ActiveCfg = MinSizeRel|x64
		{5C2AEFC3-38FB-32F9-BA46-8A71CDD25699}.RelWithDebInfo|x64.ActiveCfg = RelWithDebInfo|x64
		{CE981679-A9F6-345C-8D1B-CCBC5606C33D}.Debug|x64.ActiveCfg = Debug|x64
		{CE981679-A9F6-345C-8D1B-CCBC5606C33D}.Debug|x64.Build.0 = Debug|x64
		{CE981679-A9F6-345C-8D1B-CCBC5606C33D}.Release|x64.ActiveCfg = Release|x64
		{CE981679-A9F6-345C-8D1B-CCBC5606C33D}.Release|x64.Build.0 = Release|x64
		{CE981679-A9F6-345C-8D1B-CCBC5606C33D}.MinSizeRel|x64.ActiveCfg = MinSizeRel|x64
		{CE981679-A9F6-345C-8D1B-CCBC5606C33D}.MinSizeRel|x64.Build.0 = MinSizeRel|x64
		{CE981679-A9F6-345C-8D1B-CCBC5606C33D}.RelWithDebInfo|x64.ActiveCfg = RelWithDebInfo|x64
		{CE981679-A9F6-345C-8D1B-CCBC5606C33D}.RelWithDebInfo|x64.Build.0 = RelWithDebInfo|x64
		{5DF91869-ECC5-38B4-B0B0-5461A665E898}.Debug|x64.ActiveCfg = Debug|x64
		{5DF91869-ECC5-38B4-B0B0-5461A665E898}.Debug|x64.Build.0 = Debug|x64
		{5DF91869-ECC5-38B4-B0B0-5461A665E898}.Release|x64.ActiveCfg = Release|x64
		{5DF91869-ECC5-38B4-B0B0-5461A665E898}.Release|x64.Build.0 = Release|x64
		{5DF91869-ECC5-38B4-B0B0-5461A665E898}.MinSizeRel|x64.ActiveCfg = MinSizeRel|x64
		{5DF91869-ECC5-38B4-B0B0-5461A665E898}.MinSizeRel|x64.Build.0 = MinSizeRel|x64
		{5DF91869-ECC5-38B4-B0B0-5461A665E898}.RelWithDebInfo|x64.ActiveCfg = RelWithDebInfo|x64
		{5DF91869-ECC5-38B4-B0B0-5461A665E898}.RelWithDebInfo|x64.Build.0 = RelWithDebInfo|x64
		{56D55F4D-5DE2-3F01-9421-33DB0CE1B06C}.Debug|x64.ActiveCfg = Debug|x64
		{56D55F4D-5DE2-3F01-9421-33DB0CE1B06C}.Release|x64.ActiveCfg = Release|x64
		{56D55F4D-5DE2-3F01-9421-33DB0CE1B06C}.MinSizeRel|x64.ActiveCfg = MinSizeRel|x64
		{56D55F4D-5DE2-3F01-9421-33DB0CE1B06C}.RelWithDebInfo|x64.ActiveCfg = RelWithDebInfo|x64
		{0DD13AD0-9CF6-3E8A-974C-AE868CF81917}.Debug|x64.ActiveCfg = Debug|x64
		{0DD13AD0-9CF6-3E8A-974C-AE868CF81917}.Debug|x64.Build.0 = Debug|x64
		{0DD13AD0-9CF6-3E8A-974C-AE868CF81917}.Release|x64.ActiveCfg = Release|x64
		{0DD13AD0-9CF6-3E8A-974C-AE868CF81917}.Release|x64.Build.0 = Release|x64
		{0DD13AD0-9CF6-3E8A-974C-AE868CF81917}.MinSizeRel|x64.ActiveCfg = MinSizeRel|x64
		{0DD13AD0-9CF6-3E8A-974C-AE868CF81917}.MinSizeRel|x64.Build.0 = MinSizeRel|x64
		{0DD13AD0-9CF6-3E8A-974C-AE868CF81917}.RelWithDebInfo|x64.ActiveCfg = RelWithDebInfo|x64
		{0DD13AD0-9CF6-3E8A-974C-AE868CF81917}.RelWithDebInfo|x64.Build.0 = RelWithDebInfo|x64
		{912E3875-0E05-3B33-AD44-5A1297AC6B8A}.Debug|x64.ActiveCfg = Debug|x64
		{912E3875-0E05-3B33-AD44-5A1297AC6B8A}.Release|x64.ActiveCfg = Release|x64
		{912E3875-0E05-3B33-AD44-5A1297AC6B8A}.MinSizeRel|x64.ActiveCfg = MinSizeRel|x64
		{912E3875-0E05-3B33-AD44-5A1297AC6B8A}.RelWithDebInfo|x64.ActiveCfg = RelWithDebInfo|x64
		{487D7B3E-F26A-3EBD-8C99-C628F2A1A3F3}.Debug|x64.ActiveCfg = Debug|x64
		{487D7B3E-F26A-3EBD-8C99-C628F2A1A3F3}.Debug|x64.Build.0 = Debug|x64
		{487D7B3E-F26A-3EBD-8C99-C628F2A1A3F3}.Release|x64.ActiveCfg = Release|x64
		{487D7B3E-F26A-3EBD-8C99-C628F2A1A3F3}.Release|x64.Build.0 = Release|x64
		{487D7B3E-F26A-3EBD-8C99-C628F2A1A3F3}.MinSizeRel|x64.ActiveCfg = MinSizeRel|x64
		{487D7B3E-F26A-3EBD-8C99-C628F2A1A3F3}.MinSizeRel|x64.Build.0 = MinSizeRel|x64
		{487D7B3E-F26A-3EBD-8C99-C628F2A1A3F3}.RelWithDebInfo|x64.ActiveCfg = RelWithDebInfo|x64
		{487D7B3E-F26A-3EBD-8C99-C628F2A1A3F3}.RelWithDebInfo|x64.Build.0 = RelWithDebInfo|x64
		{E8824CDA-8FC6-3150-9BBE-ECED6DB60C32}.Debug|x64.ActiveCfg = Debug|x64
		{E8824CDA-8FC6-3150-9BBE-ECED6DB60C32}.Debug|x64.Build.0 = Debug|x64
		{E8824CDA-8FC6-3150-9BBE-ECED6DB60C32}.Release|x64.ActiveCfg = Release|x64
		{E8824CDA-8FC6-3150-9BBE-ECED6DB60C32}.Release|x64.Build.0 = Release|x64
		{E8824CDA-8FC6-3150-9BBE-ECED6DB60C32}.MinSizeRel|x64.ActiveCfg = MinSizeRel|x64
		{E8824CDA-8FC6-3150-9BBE-ECED6DB60C32}.MinSizeRel|x64.Build.0 = MinSizeRel|x64
		{E8824CDA-8FC6-3150-9BBE-ECED6DB60C32}.RelWithDebInfo|x64.ActiveCfg = RelWithDebInfo|x64
		{E8824CDA-8FC6-3150-9BBE-ECED6DB60C32}.RelWithDebInfo|x64.Build.0 = RelWithDebInfo|x64
		{C577B596-DD16-349B-80CE-EBDB544F2888}.Debug|x64.ActiveCfg = Debug|x64
		{C577B596-DD16-349B-80CE-EBDB544F2888}.Debug|x64.Build.0 = Debug|x64
		{C577B596-DD16-349B-80CE-EBDB544F2888}.Release|x64.ActiveCfg = Release|x64
		{C577B596-DD16-349B-80CE-EBDB544F2888}.Release|x64.Build.0 = Release|x64
		{C577B596-DD16-349B-80CE-EBDB544F2888}.MinSizeRel|x64.ActiveCfg = MinSizeRel|x64
		{C577B596-DD16-349B-80CE-EBDB544F2888}.MinSizeRel|x64.Build.0 = MinSizeRel|x64
		{C577B596-DD16-349B-80CE-EBDB544F2888}.RelWithDebInfo|x64.ActiveCfg = RelWithDebInfo|x64
		{C577B596-DD16-349B-80CE-EBDB544F2888}.RelWithDebInfo|x64.Build.0 = RelWithDebInfo|x64
		{D1D799F6-7ACA-3E57-85F7-C6A7DC86C04B}.Debug|x64.ActiveCfg = Debug|x64
		{D1D799F6-7ACA-3E57-85F7-C6A7DC86C04B}.Debug|x64.Build.0 = Debug|x64
		{D1D799F6-7ACA-3E57-85F7-C6A7DC86C04B}.Release|x64.ActiveCfg = Release|x64
		{D1D799F6-7ACA-3E57-85F7-C6A7DC86C04B}.Release|x64.Build.0 = Release|x64
		{D1D799F6-7ACA-3E57-85F7-C6A7DC86C04B}.MinSizeRel|x64.ActiveCfg = MinSizeRel|x64
		{D1D799F6-7ACA-3E57-85F7-C6A7DC86C04B}.MinSizeRel|x64.Build.0 = MinSizeRel|x64
		{D1D799F6-7ACA-3E57-85F7-C6A7DC86C04B}.RelWithDebInfo|x64.ActiveCfg = RelWithDebInfo|x64
		{D1D799F6-7ACA-3E57-85F7-C6A7DC86C04B}.RelWithDebInfo|x64.Build.0 = RelWithDebInfo|x64
		{1574EDA2-15D0-38AA-9A1F-CBE573145503}.Debug|x64.ActiveCfg = Debug|x64
		{1574EDA2-15D0-38AA-9A1F-CBE573145503}.Release|x64.ActiveCfg = Release|x64
		{1574EDA2-15D0-38AA-9A1F-CBE573145503}.MinSizeRel|x64.ActiveCfg = MinSizeRel|x64
		{1574EDA2-15D0-38AA-9A1F-CBE573145503}.RelWithDebInfo|x64.ActiveCfg = RelWithDebInfo|x64
		{7D448F65-EC14-30DA-8787-A53657DFDC2E}.Debug|x64.ActiveCfg = Debug|x64
		{7D448F65-EC14-30DA-8787-A53657DFDC2E}.Release|x64.ActiveCfg = Release|x64
		{7D448F65-EC14-30DA-8787-A53657DFDC2E}.MinSizeRel|x64.ActiveCfg = MinSizeRel|x64
		{7D448F65-EC14-30DA-8787-A53657DFDC2E}.RelWithDebInfo|x64.ActiveCfg = RelWithDebInfo|x64
		{EECAE9F2-44A8-354C-97EF-518C46DA3629}.Debug|x64.ActiveCfg = Debug|x64
		{EECAE9F2-44A8-354C-97EF-518C46DA3629}.Debug|x64.Build.0 = Debug|x64
		{EECAE9F2-44A8-354C-97EF-518C46DA3629}.Release|x64.ActiveCfg = Release|x64
		{EECAE9F2-44A8-354C-97EF-518C46DA3629}.Release|x64.Build.0 = Release|x64
		{EECAE9F2-44A8-354C-97EF-518C46DA3629}.MinSizeRel|x64.ActiveCfg = MinSizeRel|x64
		{EECAE9F2-44A8-354C-97EF-518C46DA3629}.MinSizeRel|x64.Build.0 = MinSizeRel|x64
		{EECAE9F2-44A8-354C-97EF-518C46DA3629}.RelWithDebInfo|x64.ActiveCfg = RelWithDebInfo|x64
		{EECAE9F2-44A8-354C-97EF-518C46DA3629}.RelWithDebInfo|x64.Build.0 = RelWithDebInfo|x64
		{09AC6B01-B0C4-3B0D-9A18-CD037272437F}.Debug|x64.ActiveCfg = Debug|x64
		{09AC6B01-B0C4-3B0D-9A18-CD037272437F}.Debug|x64.Build.0 = Debug|x64
		{09AC6B01-B0C4-3B0D-9A18-CD037272437F}.Release|x64.ActiveCfg = Release|x64
		{09AC6B01-B0C4-3B0D-9A18-CD037272437F}.Release|x64.Build.0 = Release|x64
		{09AC6B01-B0C4-3B0D-9A18-CD037272437F}.MinSizeRel|x64.ActiveCfg = MinSizeRel|x64
		{09AC6B01-B0C4-3B0D-9A18-CD037272437F}.MinSizeRel|x64.Build.0 = MinSizeRel|x64
		{09AC6B01-B0C4-3B0D-9A18-CD037272437F}.RelWithDebInfo|x64.ActiveCfg = RelWithDebInfo|x64
		{09AC6B01-B0C4-3B0D-9A18-CD037272437F}.RelWithDebInfo|x64.Build.0 = RelWithDebInfo|x64
		{7DD51288-AE72-3426-B4F3-0930DFA042F0}.Debug|x64.ActiveCfg = Debug|x64
		{7DD51288-AE72-3426-B4F3-0930DFA042F0}.Debug|x64.Build.0 = Debug|x64
		{7DD51288-AE72-3426-B4F3-0930DFA042F0}.Release|x64.ActiveCfg = Release|x64
		{7DD51288-AE72-3426-B4F3-0930DFA042F0}.Release|x64.Build.0 = Release|x64
		{7DD51288-AE72-3426-B4F3-0930DFA042F0}.MinSizeRel|x64.ActiveCfg = MinSizeRel|x64
		{7DD51288-AE72-3426-B4F3-0930DFA042F0}.MinSizeRel|x64.Build.0 = MinSizeRel|x64
		{7DD51288-AE72-3426-B4F3-0930DFA042F0}.RelWithDebInfo|x64.ActiveCfg = RelWithDebInfo|x64
		{7DD51288-AE72-3426-B4F3-0930DFA042F0}.RelWithDebInfo|x64.Build.0 = RelWithDebInfo|x64
		{42C7C78B-43C3-37CC-9DF7-139F172BF3AE}.Debug|x64.ActiveCfg = Debug|x64
		{42C7C78B-43C3-37CC-9DF7-139F172BF3AE}.Debug|x64.Build.0 = Debug|x64
		{42C7C78B-43C3-37CC-9DF7-139F172BF3AE}.Release|x64.ActiveCfg = Release|x64
		{42C7C78B-43C3-37CC-9DF7-139F172BF3AE}.Release|x64.Build.0 = Release|x64
		{42C7C78B-43C3-37CC-9DF7-139F172BF3AE}.MinSizeRel|x64.ActiveCfg = MinSizeRel|x64
		{42C7C78B-43C3-37CC-9DF7-139F172BF3AE}.MinSizeRel|x64.Build.0 = MinSizeRel|x64
		{42C7C78B-43C3-37CC-9DF7-139F172BF3AE}.RelWithDebInfo|x64.ActiveCfg = RelWithDebInfo|x64
		{42C7C78B-43C3-37CC-9DF7-139F172BF3AE}.RelWithDebInfo|x64.Build.0 = RelWithDebInfo|x64
		{F86D081E-399B-3B64-963F-2F164BF21547}.Debug|x64.ActiveCfg = Debug|x64
		{F86D081E-399B-3B64-963F-2F164BF21547}.Debug|x64.Build.0 = Debug|x64
		{F86D081E-399B-3B64-963F-2F164BF21547}.Release|x64.ActiveCfg = Release|x64
		{F86D081E-399B-3B64-963F-2F164BF21547}.Release|x64.Build.0 = Release|x64
		{F86D081E-399B-3B64-963F-2F164BF21547}.MinSizeRel|x64.ActiveCfg = MinSizeRel|x64
		{F86D081E-399B-3B64-963F-2F164BF21547}.MinSizeRel|x64.Build.0 = MinSizeRel|x64
		{F86D081E-399B-3B64-963F-2F164BF21547}.RelWithDebInfo|x64.ActiveCfg = RelWithDebInfo|x64
		{F86D081E-399B-3B64-963F-2F164BF21547}.RelWithDebInfo|x64.Build.0 = RelWithDebInfo|x64
		{5B37100F-2F48-3B2A-85A1-8E4E4B962B76}.Debug|x64.ActiveCfg = Debug|x64
		{5B37100F-2F48-3B2A-85A1-8E4E4B962B76}.Debug|x64.Build.0 = Debug|x64
		{5B37100F-2F48-3B2A-85A1-8E4E4B962B76}.Release|x64.ActiveCfg = Release|x64
		{5B37100F-2F48-3B2A-85A1-8E4E4B962B76}.Release|x64.Build.0 = Release|x64
		{5B37100F-2F48-3B2A-85A1-8E4E4B962B76}.MinSizeRel|x64.ActiveCfg = MinSizeRel|x64
		{5B37100F-2F48-3B2A-85A1-8E4E4B962B76}.MinSizeRel|x64.Build.0 = MinSizeRel|x64
		{5B37100F-2F48-3B2A-85A1-8E4E4B962B76}.RelWithDebInfo|x64.ActiveCfg = RelWithDebInfo|x64
		{5B37100F-2F48-3B2A-85A1-8E4E4B962B76}.RelWithDebInfo|x64.Build.0 = RelWithDebInfo|x64
		{B87F0051-2CCA-353C-BCBA-090947033E71}.Debug|x64.ActiveCfg = Debug|x64
		{B87F0051-2CCA-353C-BCBA-090947033E71}.Debug|x64.Build.0 = Debug|x64
		{B87F0051-2CCA-353C-BCBA-090947033E71}.Release|x64.ActiveCfg = Release|x64
		{B87F0051-2CCA-353C-BCBA-090947033E71}.Release|x64.Build.0 = Release|x64
		{B87F0051-2CCA-353C-BCBA-090947033E71}.MinSizeRel|x64.ActiveCfg = MinSizeRel|x64
		{B87F0051-2CCA-353C-BCBA-090947033E71}.MinSizeRel|x64.Build.0 = MinSizeRel|x64
		{B87F0051-2CCA-353C-BCBA-090947033E71}.RelWithDebInfo|x64.ActiveCfg = RelWithDebInfo|x64
		{B87F0051-2CCA-353C-BCBA-090947033E71}.RelWithDebInfo|x64.Build.0 = RelWithDebInfo|x64
		{6AFA31C6-1AEB-30C7-8436-4362CC1C4025}.Debug|x64.ActiveCfg = Debug|x64
		{6AFA31C6-1AEB-30C7-8436-4362CC1C4025}.Debug|x64.Build.0 = Debug|x64
		{6AFA31C6-1AEB-30C7-8436-4362CC1C4025}.Release|x64.ActiveCfg = Release|x64
		{6AFA31C6-1AEB-30C7-8436-4362CC1C4025}.Release|x64.Build.0 = Release|x64
		{6AFA31C6-1AEB-30C7-8436-4362CC1C4025}.MinSizeRel|x64.ActiveCfg = MinSizeRel|x64
		{6AFA31C6-1AEB-30C7-8436-4362CC1C4025}.MinSizeRel|x64.Build.0 = MinSizeRel|x64
		{6AFA31C6-1AEB-30C7-8436-4362CC1C4025}.RelWithDebInfo|x64.ActiveCfg = RelWithDebInfo|x64
		{6AFA31C6-1AEB-30C7-8436-4362CC1C4025}.RelWithDebInfo|x64.Build.0 = RelWithDebInfo|x64
		{2B7B5CC7-12B0-361D-94EB-D7ADBCF43C47}.Debug|x64.ActiveCfg = Debug|x64
		{2B7B5CC7-12B0-361D-94EB-D7ADBCF43C47}.Release|x64.ActiveCfg = Release|x64
		{2B7B5CC7-12B0-361D-94EB-D7ADBCF43C47}.MinSizeRel|x64.ActiveCfg = MinSizeRel|x64
		{2B7B5CC7-12B0-361D-94EB-D7ADBCF43C47}.RelWithDebInfo|x64.ActiveCfg = RelWithDebInfo|x64
		{443A143F-6026-3BAF-BCD9-CA7E4EFCE1BE}.Debug|x64.ActiveCfg = Debug|x64
		{443A143F-6026-3BAF-BCD9-CA7E4EFCE1BE}.Debug|x64.Build.0 = Debug|x64
		{443A143F-6026-3BAF-BCD9-CA7E4EFCE1BE}.Release|x64.ActiveCfg = Release|x64
		{443A143F-6026-3BAF-BCD9-CA7E4EFCE1BE}.Release|x64.Build.0 = Release|x64
		{443A143F-6026-3BAF-BCD9-CA7E4EFCE1BE}.MinSizeRel|x64.ActiveCfg = MinSizeRel|x64
		{443A143F-6026-3BAF-BCD9-CA7E4EFCE1BE}.MinSizeRel|x64.Build.0 = MinSizeRel|x64
		{443A143F-6026-3BAF-BCD9-CA7E4EFCE1BE}.RelWithDebInfo|x64.ActiveCfg = RelWithDebInfo|x64
		{443A143F-6026-3BAF-BCD9-CA7E4EFCE1BE}.RelWithDebInfo|x64.Build.0 = RelWithDebInfo|x64
		{4F90FC17-1C96-3932-A856-753ED6C963EA}.Debug|x64.ActiveCfg = Debug|x64
		{4F90FC17-1C96-3932-A856-753ED6C963EA}.Debug|x64.Build.0 = Debug|x64
		{4F90FC17-1C96-3932-A856-753ED6C963EA}.Release|x64.ActiveCfg = Release|x64
		{4F90FC17-1C96-3932-A856-753ED6C963EA}.Release|x64.Build.0 = Release|x64
		{4F90FC17-1C96-3932-A856-753ED6C963EA}.MinSizeRel|x64.ActiveCfg = MinSizeRel|x64
		{4F90FC17-1C96-3932-A856-753ED6C963EA}.MinSizeRel|x64.Build.0 = MinSizeRel|x64
		{4F90FC17-1C96-3932-A856-753ED6C963EA}.RelWithDebInfo|x64.ActiveCfg = RelWithDebInfo|x64
		{4F90FC17-1C96-3932-A856-753ED6C963EA}.RelWithDebInfo|x64.Build.0 = RelWithDebInfo|x64
		{8447C3F0-4B58-35AB-81CE-1DE4594E09EF}.Debug|x64.ActiveCfg = Debug|x64
		{8447C3F0-4B58-35AB-81CE-1DE4594E09EF}.Debug|x64.Build.0 = Debug|x64
		{8447C3F0-4B58-35AB-81CE-1DE4594E09EF}.Release|x64.ActiveCfg = Release|x64
		{8447C3F0-4B58-35AB-81CE-1DE4594E09EF}.Release|x64.Build.0 = Release|x64
		{8447C3F0-4B58-35AB-81CE-1DE4594E09EF}.MinSizeRel|x64.ActiveCfg = MinSizeRel|x64
		{8447C3F0-4B58-35AB-81CE-1DE4594E09EF}.MinSizeRel|x64.Build.0 = MinSizeRel|x64
		{8447C3F0-4B58-35AB-81CE-1DE4594E09EF}.RelWithDebInfo|x64.ActiveCfg = RelWithDebInfo|x64
		{8447C3F0-4B58-35AB-81CE-1DE4594E09EF}.RelWithDebInfo|x64.Build.0 = RelWithDebInfo|x64
		{F626EFF3-9A10-37AE-937C-C570B9AEF3EC}.Debug|x64.ActiveCfg = Debug|x64
		{F626EFF3-9A10-37AE-937C-C570B9AEF3EC}.Debug|x64.Build.0 = Debug|x64
		{F626EFF3-9A10-37AE-937C-C570B9AEF3EC}.Release|x64.ActiveCfg = Release|x64
		{F626EFF3-9A10-37AE-937C-C570B9AEF3EC}.Release|x64.Build.0 = Release|x64
		{F626EFF3-9A10-37AE-937C-C570B9AEF3EC}.MinSizeRel|x64.ActiveCfg = MinSizeRel|x64
		{F626EFF3-9A10-37AE-937C-C570B9AEF3EC}.MinSizeRel|x64.Build.0 = MinSizeRel|x64
		{F626EFF3-9A10-37AE-937C-C570B9AEF3EC}.RelWithDebInfo|x64.ActiveCfg = RelWithDebInfo|x64
		{F626EFF3-9A10-37AE-937C-C570B9AEF3EC}.RelWithDebInfo|x64.Build.0 = RelWithDebInfo|x64
		{FB93BE45-279C-3A62-A9C9-74E70EE80EE8}.Debug|x64.ActiveCfg = Debug|x64
		{FB93BE45-279C-3A62-A9C9-74E70EE80EE8}.Debug|x64.Build.0 = Debug|x64
		{FB93BE45-279C-3A62-A9C9-74E70EE80EE8}.Release|x64.ActiveCfg = Release|x64
		{FB93BE45-279C-3A62-A9C9-74E70EE80EE8}.Release|x64.Build.0 = Release|x64
		{FB93BE45-279C-3A62-A9C9-74E70EE80EE8}.MinSizeRel|x64.ActiveCfg = MinSizeRel|x64
		{FB93BE45-279C-3A62-A9C9-74E70EE80EE8}.MinSizeRel|x64.Build.0 = MinSizeRel|x64
		{FB93BE45-279C-3A62-A9C9-74E70EE80EE8}.RelWithDebInfo|x64.ActiveCfg = RelWithDebInfo|x64
		{FB93BE45-279C-3A62-A9C9-74E70EE80EE8}.RelWithDebInfo|x64.Build.0 = RelWithDebInfo|x64
		{F1AFC311-4982-3253-9318-C0B92E2161A1}.Debug|x64.ActiveCfg = Debug|x64
		{F1AFC311-4982-3253-9318-C0B92E2161A1}.Debug|x64.Build.0 = Debug|x64
		{F1AFC311-4982-3253-9318-C0B92E2161A1}.Release|x64.ActiveCfg = Release|x64
		{F1AFC311-4982-3253-9318-C0B92E2161A1}.Release|x64.Build.0 = Release|x64
		{F1AFC311-4982-3253-9318-C0B92E2161A1}.MinSizeRel|x64.ActiveCfg = MinSizeRel|x64
		{F1AFC311-4982-3253-9318-C0B92E2161A1}.MinSizeRel|x64.Build.0 = MinSizeRel|x64
		{F1AFC311-4982-3253-9318-C0B92E2161A1}.RelWithDebInfo|x64.ActiveCfg = RelWithDebInfo|x64
		{F1AFC311-4982-3253-9318-C0B92E2161A1}.RelWithDebInfo|x64.Build.0 = RelWithDebInfo|x64
		{564827C5-0048-3FD0-8F51-FB60E76DD30E}.Debug|x64.ActiveCfg = Debug|x64
		{564827C5-0048-3FD0-8F51-FB60E76DD30E}.Debug|x64.Build.0 = Debug|x64
		{564827C5-0048-3FD0-8F51-FB60E76DD30E}.Release|x64.ActiveCfg = Release|x64
		{564827C5-0048-3FD0-8F51-FB60E76DD30E}.Release|x64.Build.0 = Release|x64
		{564827C5-0048-3FD0-8F51-FB60E76DD30E}.MinSizeRel|x64.ActiveCfg = MinSizeRel|x64
		{564827C5-0048-3FD0-8F51-FB60E76DD30E}.MinSizeRel|x64.Build.0 = MinSizeRel|x64
		{564827C5-0048-3FD0-8F51-FB60E76DD30E}.RelWithDebInfo|x64.ActiveCfg = RelWithDebInfo|x64
		{564827C5-0048-3FD0-8F51-FB60E76DD30E}.RelWithDebInfo|x64.Build.0 = RelWithDebInfo|x64
		{BA4CEFA1-4E57-3C10-A22B-0095543F1DF0}.Debug|x64.ActiveCfg = Debug|x64
		{BA4CEFA1-4E57-3C10-A22B-0095543F1DF0}.Debug|x64.Build.0 = Debug|x64
		{BA4CEFA1-4E57-3C10-A22B-0095543F1DF0}.Release|x64.ActiveCfg = Release|x64
		{BA4CEFA1-4E57-3C10-A22B-0095543F1DF0}.Release|x64.Build.0 = Release|x64
		{BA4CEFA1-4E57-3C10-A22B-0095543F1DF0}.MinSizeRel|x64.ActiveCfg = MinSizeRel|x64
		{BA4CEFA1-4E57-3C10-A22B-0095543F1DF0}.MinSizeRel|x64.Build.0 = MinSizeRel|x64
		{BA4CEFA1-4E57-3C10-A22B-0095543F1DF0}.RelWithDebInfo|x64.ActiveCfg = RelWithDebInfo|x64
		{BA4CEFA1-4E57-3C10-A22B-0095543F1DF0}.RelWithDebInfo|x64.Build.0 = RelWithDebInfo|x64
		{170FB115-EE81-3B25-B7EC-230BD8CBDDE3}.Debug|x64.ActiveCfg = Debug|x64
		{170FB115-EE81-3B25-B7EC-230BD8CBDDE3}.Debug|x64.Build.0 = Debug|x64
		{170FB115-EE81-3B25-B7EC-230BD8CBDDE3}.Release|x64.ActiveCfg = Release|x64
		{170FB115-EE81-3B25-B7EC-230BD8CBDDE3}.Release|x64.Build.0 = Release|x64
		{170FB115-EE81-3B25-B7EC-230BD8CBDDE3}.MinSizeRel|x64.ActiveCfg = MinSizeRel|x64
		{170FB115-EE81-3B25-B7EC-230BD8CBDDE3}.MinSizeRel|x64.Build.0 = MinSizeRel|x64
		{170FB115-EE81-3B25-B7EC-230BD8CBDDE3}.RelWithDebInfo|x64.ActiveCfg = RelWithDebInfo|x64
		{170FB115-EE81-3B25-B7EC-230BD8CBDDE3}.RelWithDebInfo|x64.Build.0 = RelWithDebInfo|x64
		{FBA3BB94-2A30-3C90-BDEB-A8B5FEFF29D3}.Debug|x64.ActiveCfg = Debug|x64
		{FBA3BB94-2A30-3C90-BDEB-A8B5FEFF29D3}.Debug|x64.Build.0 = Debug|x64
		{FBA3BB94-2A30-3C90-BDEB-A8B5FEFF29D3}.Release|x64.ActiveCfg = Release|x64
		{FBA3BB94-2A30-3C90-BDEB-A8B5FEFF29D3}.Release|x64.Build.0 = Release|x64
		{FBA3BB94-2A30-3C90-BDEB-A8B5FEFF29D3}.MinSizeRel|x64.ActiveCfg = MinSizeRel|x64
		{FBA3BB94-2A30-3C90-BDEB-A8B5FEFF29D3}.MinSizeRel|x64.Build.0 = MinSizeRel|x64
		{FBA3BB94-2A30-3C90-BDEB-A8B5FEFF29D3}.RelWithDebInfo|x64.ActiveCfg = RelWithDebInfo|x64
		{FBA3BB94-2A30-3C90-BDEB-A8B5FEFF29D3}.RelWithDebInfo|x64.Build.0 = RelWithDebInfo|x64
		{4A374C63-644F-3E5E-852B-10401BBECA2E}.Debug|x64.ActiveCfg = Debug|x64
		{4A374C63-644F-3E5E-852B-10401BBECA2E}.Release|x64.ActiveCfg = Release|x64
		{4A374C63-644F-3E5E-852B-10401BBECA2E}.MinSizeRel|x64.ActiveCfg = MinSizeRel|x64
		{4A374C63-644F-3E5E-852B-10401BBECA2E}.RelWithDebInfo|x64.ActiveCfg = RelWithDebInfo|x64
	EndGlobalSection
	GlobalSection(ExtensibilityGlobals) = postSolution
		SolutionGuid = {C8A0DD9F-31F6-3A33-977E-B10C5808868B}
	EndGlobalSection
	GlobalSection(ExtensibilityAddIns) = postSolution
	EndGlobalSection
EndGlobal
