<?xml version="1.0" encoding="utf-8"?>
<Project ToolsVersion="17.0" xmlns="http://schemas.microsoft.com/developer/msbuild/2003">
  <ItemGroup>
    <ClCompile Include="C:\Users\Cyber_User\Documents\Pcap++\PcapPlusPlus\Common++\src\GeneralUtils.cpp">
      <Filter>Source Files</Filter>
    </ClCompile>
    <ClCompile Include="C:\Users\Cyber_User\Documents\Pcap++\PcapPlusPlus\Common++\src\IpAddress.cpp">
      <Filter>Source Files</Filter>
    </ClCompile>
    <ClCompile Include="C:\Users\Cyber_User\Documents\Pcap++\PcapPlusPlus\Common++\src\IpAddressUtils.cpp">
      <Filter>Source Files</Filter>
    </ClCompile>
    <ClCompile Include="C:\Users\Cyber_User\Documents\Pcap++\PcapPlusPlus\Common++\src\IpUtils.cpp">
      <Filter>Source Files</Filter>
    </ClCompile>
    <ClCompile Include="C:\Users\Cyber_User\Documents\Pcap++\PcapPlusPlus\Common++\src\Logger.cpp">
      <Filter>Source Files</Filter>
    </ClCompile>
    <ClCompile Include="C:\Users\Cyber_User\Documents\Pcap++\PcapPlusPlus\Common++\src\MacAddress.cpp">
      <Filter>Source Files</Filter>
    </ClCompile>
    <ClCompile Include="C:\Users\Cyber_User\Documents\Pcap++\PcapPlusPlus\Common++\src\OUILookup.cpp">
      <Filter>Source Files</Filter>
    </ClCompile>
    <ClCompile Include="C:\Users\Cyber_User\Documents\Pcap++\PcapPlusPlus\Common++\src\PcapPlusPlusVersion.cpp">
      <Filter>Source Files</Filter>
    </ClCompile>
    <ClCompile Include="C:\Users\Cyber_User\Documents\Pcap++\PcapPlusPlus\Common++\src\SystemUtils.cpp">
      <Filter>Source Files</Filter>
    </ClCompile>
    <ClCompile Include="C:\Users\Cyber_User\Documents\Pcap++\PcapPlusPlus\Common++\src\TablePrinter.cpp">
      <Filter>Source Files</Filter>
    </ClCompile>
  </ItemGroup>
  <ItemGroup>
    <ClInclude Include="C:\Users\Cyber_User\Documents\Pcap++\PcapPlusPlus\Common++\header\AssertionUtils.h">
      <Filter>Header Files</Filter>
    </ClInclude>
    <ClInclude Include="C:\Users\Cyber_User\Documents\Pcap++\PcapPlusPlus\Common++\header\DeprecationUtils.h">
      <Filter>Header Files</Filter>
    </ClInclude>
    <ClInclude Include="C:\Users\Cyber_User\Documents\Pcap++\PcapPlusPlus\Common++\header\GeneralUtils.h">
      <Filter>Header Files</Filter>
    </ClInclude>
    <ClInclude Include="C:\Users\Cyber_User\Documents\Pcap++\PcapPlusPlus\Common++\header\IpAddress.h">
      <Filter>Header Files</Filter>
    </ClInclude>
    <ClInclude Include="C:\Users\Cyber_User\Documents\Pcap++\PcapPlusPlus\Common++\header\IpAddressUtils.h">
      <Filter>Header Files</Filter>
    </ClInclude>
    <ClInclude Include="C:\Users\Cyber_User\Documents\Pcap++\PcapPlusPlus\Common++\header\IpUtils.h">
      <Filter>Header Files</Filter>
    </ClInclude>
    <ClInclude Include="C:\Users\Cyber_User\Documents\Pcap++\PcapPlusPlus\Common++\header\Logger.h">
      <Filter>Header Files</Filter>
    </ClInclude>
    <ClInclude Include="C:\Users\Cyber_User\Documents\Pcap++\PcapPlusPlus\Common++\header\LRUList.h">
      <Filter>Header Files</Filter>
    </ClInclude>
    <ClInclude Include="C:\Users\Cyber_User\Documents\Pcap++\PcapPlusPlus\Common++\header\MacAddress.h">
      <Filter>Header Files</Filter>
    </ClInclude>
    <ClInclude Include="C:\Users\Cyber_User\Documents\Pcap++\PcapPlusPlus\Common++\header\ObjectPool.h">
      <Filter>Header Files</Filter>
    </ClInclude>
    <ClInclude Include="C:\Users\Cyber_User\Documents\Pcap++\PcapPlusPlus\Common++\header\OUILookup.h">
      <Filter>Header Files</Filter>
    </ClInclude>
    <ClInclude Include="C:\Users\Cyber_User\Documents\Pcap++\PcapPlusPlus\Common++\header\PcapPlusPlusVersion.h">
      <Filter>Header Files</Filter>
    </ClInclude>
    <ClInclude Include="C:\Users\Cyber_User\Documents\Pcap++\PcapPlusPlus\Common++\header\PointerVector.h">
      <Filter>Header Files</Filter>
    </ClInclude>
    <ClInclude Include="C:\Users\Cyber_User\Documents\Pcap++\PcapPlusPlus\Common++\header\SystemUtils.h">
      <Filter>Header Files</Filter>
    </ClInclude>
    <ClInclude Include="C:\Users\Cyber_User\Documents\Pcap++\PcapPlusPlus\Common++\header\TablePrinter.h">
      <Filter>Header Files</Filter>
    </ClInclude>
    <ClInclude Include="C:\Users\Cyber_User\Documents\Pcap++\PcapPlusPlus\Common++\header\TimespecTimeval.h">
      <Filter>Header Files</Filter>
    </ClInclude>
  </ItemGroup>
  <ItemGroup>
    <CustomBuild Include="C:\Users\Cyber_User\Documents\Pcap++\PcapPlusPlus\Common++\CMakeLists.txt" />
  </ItemGroup>
  <ItemGroup>
    <Filter Include="Header Files">
      <UniqueIdentifier>{1BAFEFD4-7EF7-3EE6-AE41-034C726765DD}</UniqueIdentifier>
    </Filter>
    <Filter Include="Source Files">
      <UniqueIdentifier>{F690F94D-61D4-3D6B-9329-E3E2EADD649B}</UniqueIdentifier>
    </Filter>
  </ItemGroup>
</Project>
