<?xml version="1.0" encoding="utf-8"?>
<Project ToolsVersion="17.0" xmlns="http://schemas.microsoft.com/developer/msbuild/2003">
  <ItemGroup>
    <ClCompile Include="C:\Users\Cyber_User\Documents\Pcap++\PcapPlusPlus\Pcap++\src\DeviceUtils.cpp">
      <Filter>Source Files</Filter>
    </ClCompile>
    <ClCompile Include="C:\Users\Cyber_User\Documents\Pcap++\PcapPlusPlus\Pcap++\src\PcapUtils.cpp">
      <Filter>Source Files</Filter>
    </ClCompile>
    <ClCompile Include="C:\Users\Cyber_User\Documents\Pcap++\PcapPlusPlus\Pcap++\src\NetworkUtils.cpp">
      <Filter>Source Files</Filter>
    </ClCompile>
    <ClCompile Include="C:\Users\Cyber_User\Documents\Pcap++\PcapPlusPlus\Pcap++\src\PcapFileDevice.cpp">
      <Filter>Source Files</Filter>
    </ClCompile>
    <ClCompile Include="C:\Users\Cyber_User\Documents\Pcap++\PcapPlusPlus\Pcap++\src\PcapDevice.cpp">
      <Filter>Source Files</Filter>
    </ClCompile>
    <ClCompile Include="C:\Users\Cyber_User\Documents\Pcap++\PcapPlusPlus\Pcap++\src\PcapFilter.cpp">
      <Filter>Source Files</Filter>
    </ClCompile>
    <ClCompile Include="C:\Users\Cyber_User\Documents\Pcap++\PcapPlusPlus\Pcap++\src\PcapLiveDevice.cpp">
      <Filter>Source Files</Filter>
    </ClCompile>
    <ClCompile Include="C:\Users\Cyber_User\Documents\Pcap++\PcapPlusPlus\Pcap++\src\PcapLiveDeviceList.cpp">
      <Filter>Source Files</Filter>
    </ClCompile>
    <ClCompile Include="C:\Users\Cyber_User\Documents\Pcap++\PcapPlusPlus\Pcap++\src\PcapRemoteDevice.cpp">
      <Filter>Source Files</Filter>
    </ClCompile>
    <ClCompile Include="C:\Users\Cyber_User\Documents\Pcap++\PcapPlusPlus\Pcap++\src\PcapRemoteDeviceList.cpp">
      <Filter>Source Files</Filter>
    </ClCompile>
    <ClCompile Include="C:\Users\Cyber_User\Documents\Pcap++\PcapPlusPlus\Pcap++\src\RawSocketDevice.cpp">
      <Filter>Source Files</Filter>
    </ClCompile>
    <ClCompile Include="C:\Users\Cyber_User\Documents\Pcap++\PcapPlusPlus\Pcap++\src\WinPcapLiveDevice.cpp">
      <Filter>Source Files</Filter>
    </ClCompile>
  </ItemGroup>
  <ItemGroup>
    <ClInclude Include="C:\Users\Cyber_User\Documents\Pcap++\PcapPlusPlus\Pcap++\header\Device.h">
      <Filter>Header Files</Filter>
    </ClInclude>
    <ClInclude Include="C:\Users\Cyber_User\Documents\Pcap++\PcapPlusPlus\Pcap++\header\DeviceListBase.h">
      <Filter>Header Files</Filter>
    </ClInclude>
    <ClInclude Include="C:\Users\Cyber_User\Documents\Pcap++\PcapPlusPlus\Pcap++\header\NetworkUtils.h">
      <Filter>Header Files</Filter>
    </ClInclude>
    <ClInclude Include="C:\Users\Cyber_User\Documents\Pcap++\PcapPlusPlus\Pcap++\header\PcapDevice.h">
      <Filter>Header Files</Filter>
    </ClInclude>
    <ClInclude Include="C:\Users\Cyber_User\Documents\Pcap++\PcapPlusPlus\Pcap++\header\PcapFileDevice.h">
      <Filter>Header Files</Filter>
    </ClInclude>
    <ClInclude Include="C:\Users\Cyber_User\Documents\Pcap++\PcapPlusPlus\Pcap++\header\PcapFilter.h">
      <Filter>Header Files</Filter>
    </ClInclude>
    <ClInclude Include="C:\Users\Cyber_User\Documents\Pcap++\PcapPlusPlus\Pcap++\header\PcapLiveDevice.h">
      <Filter>Header Files</Filter>
    </ClInclude>
    <ClInclude Include="C:\Users\Cyber_User\Documents\Pcap++\PcapPlusPlus\Pcap++\header\PcapLiveDeviceList.h">
      <Filter>Header Files</Filter>
    </ClInclude>
    <ClInclude Include="C:\Users\Cyber_User\Documents\Pcap++\PcapPlusPlus\Pcap++\header\RawSocketDevice.h">
      <Filter>Header Files</Filter>
    </ClInclude>
    <ClInclude Include="C:\Users\Cyber_User\Documents\Pcap++\PcapPlusPlus\Pcap++\header\PcapRemoteDevice.h">
      <Filter>Header Files</Filter>
    </ClInclude>
    <ClInclude Include="C:\Users\Cyber_User\Documents\Pcap++\PcapPlusPlus\Pcap++\header\PcapRemoteDeviceList.h">
      <Filter>Header Files</Filter>
    </ClInclude>
    <ClInclude Include="C:\Users\Cyber_User\Documents\Pcap++\PcapPlusPlus\Pcap++\header\WinPcapLiveDevice.h">
      <Filter>Header Files</Filter>
    </ClInclude>
  </ItemGroup>
  <ItemGroup>
    <CustomBuild Include="C:\Users\Cyber_User\Documents\Pcap++\PcapPlusPlus\Pcap++\CMakeLists.txt" />
  </ItemGroup>
  <ItemGroup>
    <Object Include="C:\Users\Cyber_User\Documents\AegisCore\pcap++build\3rdParty\LightPcapNg\light_pcapng.dir\$(Configuration)\light_advanced.obj">
      <Filter>Object Libraries</Filter>
    </Object>
    <Object Include="C:\Users\Cyber_User\Documents\AegisCore\pcap++build\3rdParty\LightPcapNg\light_pcapng.dir\$(Configuration)\light_alloc.obj">
      <Filter>Object Libraries</Filter>
    </Object>
    <Object Include="C:\Users\Cyber_User\Documents\AegisCore\pcap++build\3rdParty\LightPcapNg\light_pcapng.dir\$(Configuration)\light_compression.obj">
      <Filter>Object Libraries</Filter>
    </Object>
    <Object Include="C:\Users\Cyber_User\Documents\AegisCore\pcap++build\3rdParty\LightPcapNg\light_pcapng.dir\$(Configuration)\light_internal.obj">
      <Filter>Object Libraries</Filter>
    </Object>
    <Object Include="C:\Users\Cyber_User\Documents\AegisCore\pcap++build\3rdParty\LightPcapNg\light_pcapng.dir\$(Configuration)\light_io.obj">
      <Filter>Object Libraries</Filter>
    </Object>
    <Object Include="C:\Users\Cyber_User\Documents\AegisCore\pcap++build\3rdParty\LightPcapNg\light_pcapng.dir\$(Configuration)\light_manipulate.obj">
      <Filter>Object Libraries</Filter>
    </Object>
    <Object Include="C:\Users\Cyber_User\Documents\AegisCore\pcap++build\3rdParty\LightPcapNg\light_pcapng.dir\$(Configuration)\light_null_compression.obj">
      <Filter>Object Libraries</Filter>
    </Object>
    <Object Include="C:\Users\Cyber_User\Documents\AegisCore\pcap++build\3rdParty\LightPcapNg\light_pcapng.dir\$(Configuration)\light_option.obj">
      <Filter>Object Libraries</Filter>
    </Object>
    <Object Include="C:\Users\Cyber_User\Documents\AegisCore\pcap++build\3rdParty\LightPcapNg\light_pcapng.dir\$(Configuration)\light_pcapng_cont.obj">
      <Filter>Object Libraries</Filter>
    </Object>
    <Object Include="C:\Users\Cyber_User\Documents\AegisCore\pcap++build\3rdParty\LightPcapNg\light_pcapng.dir\$(Configuration)\light_pcapng_ext.obj">
      <Filter>Object Libraries</Filter>
    </Object>
    <Object Include="C:\Users\Cyber_User\Documents\AegisCore\pcap++build\3rdParty\LightPcapNg\light_pcapng.dir\$(Configuration)\light_pcapng.obj">
      <Filter>Object Libraries</Filter>
    </Object>
    <Object Include="C:\Users\Cyber_User\Documents\AegisCore\pcap++build\3rdParty\LightPcapNg\light_pcapng.dir\$(Configuration)\light_platform.obj">
      <Filter>Object Libraries</Filter>
    </Object>
    <Object Include="C:\Users\Cyber_User\Documents\AegisCore\pcap++build\3rdParty\LightPcapNg\light_pcapng.dir\$(Configuration)\light_zstd_compression.obj">
      <Filter>Object Libraries</Filter>
    </Object>
  </ItemGroup>
  <ItemGroup>
    <Filter Include="Header Files">
      <UniqueIdentifier>{1BAFEFD4-7EF7-3EE6-AE41-034C726765DD}</UniqueIdentifier>
    </Filter>
    <Filter Include="Object Libraries">
      <UniqueIdentifier>{5F5E1457-05A6-32E2-9F3C-0A363E53E703}</UniqueIdentifier>
    </Filter>
    <Filter Include="Source Files">
      <UniqueIdentifier>{F690F94D-61D4-3D6B-9329-E3E2EADD649B}</UniqueIdentifier>
    </Filter>
  </ItemGroup>
</Project>
