<?xml version="1.0" encoding="utf-8"?>
<Project ToolsVersion="17.0" xmlns="http://schemas.microsoft.com/developer/msbuild/2003">
  <ItemGroup>
    <ClCompile Include="C:\Users\Cyber_User\Documents\Pcap++\PcapPlusPlus\Tests\Pcap++Test\Common\TestUtils.cpp">
      <Filter>Source Files</Filter>
    </ClCompile>
    <ClCompile Include="C:\Users\Cyber_User\Documents\Pcap++\PcapPlusPlus\Tests\Pcap++Test\main.cpp">
      <Filter>Source Files</Filter>
    </ClCompile>
    <ClCompile Include="C:\Users\Cyber_User\Documents\Pcap++\PcapPlusPlus\Tests\Pcap++Test\Tests\DpdkTests.cpp">
      <Filter>Source Files</Filter>
    </ClCompile>
    <ClCompile Include="C:\Users\Cyber_User\Documents\Pcap++\PcapPlusPlus\Tests\Pcap++Test\Tests\FileTests.cpp">
      <Filter>Source Files</Filter>
    </ClCompile>
    <ClCompile Include="C:\Users\Cyber_User\Documents\Pcap++\PcapPlusPlus\Tests\Pcap++Test\Tests\FilterTests.cpp">
      <Filter>Source Files</Filter>
    </ClCompile>
    <ClCompile Include="C:\Users\Cyber_User\Documents\Pcap++\PcapPlusPlus\Tests\Pcap++Test\Tests\IPFragmentationTests.cpp">
      <Filter>Source Files</Filter>
    </ClCompile>
    <ClCompile Include="C:\Users\Cyber_User\Documents\Pcap++\PcapPlusPlus\Tests\Pcap++Test\Tests\IpMacTests.cpp">
      <Filter>Source Files</Filter>
    </ClCompile>
    <ClCompile Include="C:\Users\Cyber_User\Documents\Pcap++\PcapPlusPlus\Tests\Pcap++Test\Tests\KniTests.cpp">
      <Filter>Source Files</Filter>
    </ClCompile>
    <ClCompile Include="C:\Users\Cyber_User\Documents\Pcap++\PcapPlusPlus\Tests\Pcap++Test\Tests\LiveDeviceTests.cpp">
      <Filter>Source Files</Filter>
    </ClCompile>
    <ClCompile Include="C:\Users\Cyber_User\Documents\Pcap++\PcapPlusPlus\Tests\Pcap++Test\Tests\LoggerTests.cpp">
      <Filter>Source Files</Filter>
    </ClCompile>
    <ClCompile Include="C:\Users\Cyber_User\Documents\Pcap++\PcapPlusPlus\Tests\Pcap++Test\Tests\ObjectPoolTests.cpp">
      <Filter>Source Files</Filter>
    </ClCompile>
    <ClCompile Include="C:\Users\Cyber_User\Documents\Pcap++\PcapPlusPlus\Tests\Pcap++Test\Tests\PacketParsingTests.cpp">
      <Filter>Source Files</Filter>
    </ClCompile>
    <ClCompile Include="C:\Users\Cyber_User\Documents\Pcap++\PcapPlusPlus\Tests\Pcap++Test\Tests\PfRingTests.cpp">
      <Filter>Source Files</Filter>
    </ClCompile>
    <ClCompile Include="C:\Users\Cyber_User\Documents\Pcap++\PcapPlusPlus\Tests\Pcap++Test\Tests\RawSocketTests.cpp">
      <Filter>Source Files</Filter>
    </ClCompile>
    <ClCompile Include="C:\Users\Cyber_User\Documents\Pcap++\PcapPlusPlus\Tests\Pcap++Test\Tests\SystemUtilsTests.cpp">
      <Filter>Source Files</Filter>
    </ClCompile>
    <ClCompile Include="C:\Users\Cyber_User\Documents\Pcap++\PcapPlusPlus\Tests\Pcap++Test\Tests\TcpReassemblyTests.cpp">
      <Filter>Source Files</Filter>
    </ClCompile>
    <ClCompile Include="C:\Users\Cyber_User\Documents\Pcap++\PcapPlusPlus\Tests\Pcap++Test\Tests\XdpTests.cpp">
      <Filter>Source Files</Filter>
    </ClCompile>
  </ItemGroup>
  <ItemGroup>
    <ClInclude Include="C:\Users\Cyber_User\Documents\Pcap++\PcapPlusPlus\3rdParty\EndianPortable\include\EndianPortable.h">
      <Filter>Header Files</Filter>
    </ClInclude>
    <ClInclude Include="C:\Users\Cyber_User\Documents\Pcap++\PcapPlusPlus\3rdParty\Getopt-for-Visual-Studio\getopt.h">
      <Filter>Header Files</Filter>
    </ClInclude>
  </ItemGroup>
  <ItemGroup>
    <CustomBuild Include="C:\Users\Cyber_User\Documents\Pcap++\PcapPlusPlus\Tests\Pcap++Test\CMakeLists.txt" />
  </ItemGroup>
  <ItemGroup>
    <Filter Include="Header Files">
      <UniqueIdentifier>{1BAFEFD4-7EF7-3EE6-AE41-034C726765DD}</UniqueIdentifier>
    </Filter>
    <Filter Include="Source Files">
      <UniqueIdentifier>{F690F94D-61D4-3D6B-9329-E3E2EADD649B}</UniqueIdentifier>
    </Filter>
  </ItemGroup>
</Project>
